
Microsoft Visual Studio Solution File, Format Version 12.00
# Visual Studio Version 17
VisualStudioVersion = 17.4.33205.214
MinimumVisualStudioVersion = 10.0.40219.1
Project("{C9674DCB-5085-4A16-B785-4C70DD1589BD}") = "CRM_CARGADATOSCOBRANZAS_SSI", "CRM_CARGADATOSCOBRANZAS_SSI.dtproj", "{10B2EC2B-E882-42D7-8513-206C90CC8CD6}"
EndProject
Global
	GlobalSection(SolutionConfigurationPlatforms) = preSolution
		Development|Default = Development|Default
	EndGlobalSection
	GlobalSection(ProjectConfigurationPlatforms) = postSolution
		{10B2EC2B-E882-42D7-8513-206C90CC8CD6}.Development|Default.ActiveCfg = Development
		{10B2EC2B-E882-42D7-8513-206C90CC8CD6}.Development|Default.Build.0 = Development
	EndGlobalSection
	GlobalSection(SolutionProperties) = preSolution
		HideSolutionNode = FALSE
	EndGlobalSection
	GlobalSection(ExtensibilityGlobals) = postSolution
		SolutionGuid = {19517AE7-FF32-472E-8DAA-6F52E6A11925}
	EndGlobalSection
EndGlobal
